// !$*UTF8*$!
{
	archiveVersion = 1;
	classes = {
	};
	objectVersion = 50;
	objects = {

/* Begin PBXBuildFile section */
		AF0FCFB82653AD4900EAE10E /* astronauts.json in Resources */ = {isa = PBXBuildFile; fileRef = AF0FCFB72653AD4900EAE10E /* astronauts.json */; };
		AF0FCFBA2653AD5E00EAE10E /* missions.json in Resources */ = {isa = PBXBuildFile; fileRef = AF0FCFB92653AD5E00EAE10E /* missions.json */; };
		AF0FCFBC2653ADB000EAE10E /* Mission.swift in Sources */ = {isa = PBXBuildFile; fileRef = AF0FCFBB2653ADB000EAE10E /* Mission.swift */; };
		AF0FCFBE2653EA1800EAE10E /* MissionView.swift in Sources */ = {isa = PBXBuildFile; fileRef = AF0FCFBD2653EA1800EAE10E /* MissionView.swift */; };
		AF87D15826538EE000B3895F /* Astronaut.swift in Sources */ = {isa = PBXBuildFile; fileRef = AF87D15726538EE000B3895F /* Astronaut.swift */; };
		AF87D15C265392AF00B3895F /* Bundle-Decodable.swift in Sources */ = {isa = PBXBuildFile; fileRef = AF87D15B265392AF00B3895F /* Bundle-Decodable.swift */; };
		AFF56E93265117DF0007282C /* project_8App.swift in Sources */ = {isa = PBXBuildFile; fileRef = AFF56E92265117DF0007282C /* project_8App.swift */; };
		AFF56E95265117DF0007282C /* ContentView.swift in Sources */ = {isa = PBXBuildFile; fileRef = AFF56E94265117DF0007282C /* ContentView.swift */; };
		AFF56E97265117E00007282C /* Assets.xcassets in Resources */ = {isa = PBXBuildFile; fileRef = AFF56E96265117E00007282C /* Assets.xcassets */; };
		AFF56E9A265117E00007282C /* Preview Assets.xcassets in Resources */ = {isa = PBXBuildFile; fileRef = AFF56E99265117E00007282C /* Preview Assets.xcassets */; };
/* End PBXBuildFile section */

/* Begin PBXFileReference section */
		AF0FCFB72653AD4900EAE10E /* astronauts.json */ = {isa = PBXFileReference; fileEncoding = 4; lastKnownFileType = text.json; path = astronauts.json; sourceTree = "<group>"; };
		AF0FCFB92653AD5E00EAE10E /* missions.json */ = {isa = PBXFileReference; fileEncoding = 4; lastKnownFileType = text.json; path = missions.json; sourceTree = "<group>"; };
		AF0FCFBB2653ADB000EAE10E /* Mission.swift */ = {isa = PBXFileReference; lastKnownFileType = sourcecode.swift; path = Mission.swift; sourceTree = "<group>"; };
		AF0FCFBD2653EA1800EAE10E /* MissionView.swift */ = {isa = PBXFileReference; lastKnownFileType = sourcecode.swift; path = MissionView.swift; sourceTree = "<group>"; };
		AF87D15726538EE000B3895F /* Astronaut.swift */ = {isa = PBXFileReference; lastKnownFileType = sourcecode.swift; path = Astronaut.swift; sourceTree = "<group>"; };
		AF87D15B265392AF00B3895F /* Bundle-Decodable.swift */ = {isa = PBXFileReference; lastKnownFileType = sourcecode.swift; path = "Bundle-Decodable.swift"; sourceTree = "<group>"; };
		AFF56E8F265117DF0007282C /* project 8.app */ = {isa = PBXFileReference; explicitFileType = wrapper.application; includeInIndex = 0; path = "project 8.app"; sourceTree = BUILT_PRODUCTS_DIR; };
		AFF56E92265117DF0007282C /* project_8App.swift */ = {isa = PBXFileReference; lastKnownFileType = sourcecode.swift; path = project_8App.swift; sourceTree = "<group>"; };
		AFF56E94265117DF0007282C /* ContentView.swift */ = {isa = PBXFileReference; lastKnownFileType = sourcecode.swift; path = ContentView.swift; sourceTree = "<group>"; };
		AFF56E96265117E00007282C /* Assets.xcassets */ = {isa = PBXFileReference; lastKnownFileType = folder.assetcatalog; path = Assets.xcassets; sourceTree = "<group>"; };
		AFF56E99265117E00007282C /* Preview Assets.xcassets */ = {isa = PBXFileReference; lastKnownFileType = folder.assetcatalog; path = "Preview Assets.xcassets"; sourceTree = "<group>"; };
		AFF56E9B265117E00007282C /* Info.plist */ = {isa = PBXFileReference; lastKnownFileType = text.plist.xml; path = Info.plist; sourceTree = "<group>"; };
/* End PBXFileReference section */

/* Begin PBXFrameworksBuildPhase section */
		AFF56E8C265117DF0007282C /* Frameworks */ = {
			isa = PBXFrameworksBuildPhase;
			buildActionMask = 2147483647;
			files = (
			);
			runOnlyForDeploymentPostprocessing = 0;
		};
/* End PBXFrameworksBuildPhase section */

/* Begin PBXGroup section */
		AFF56E86265117DF0007282C = {
			isa = PBXGroup;
			children = (
				AFF56E91265117DF0007282C /* project 8 */,
				AFF56E90265117DF0007282C /* Products */,
			);
			sourceTree = "<group>";
		};
		AFF56E90265117DF0007282C /* Products */ = {
			isa = PBXGroup;
			children = (
				AFF56E8F265117DF0007282C /* project 8.app */,
			);
			name = Products;
			sourceTree = "<group>";
		};
		AFF56E91265117DF0007282C /* project 8 */ = {
			isa = PBXGroup;
			children = (
				AFF56E92265117DF0007282C /* project_8App.swift */,
				AFF56E94265117DF0007282C /* ContentView.swift */,
				AF0FCFBD2653EA1800EAE10E /* MissionView.swift */,
				AFF56E96265117E00007282C /* Assets.xcassets */,
				AFF56E9B265117E00007282C /* Info.plist */,
				AF0FCFB72653AD4900EAE10E /* astronauts.json */,
				AF0FCFB92653AD5E00EAE10E /* missions.json */,
				AF87D15726538EE000B3895F /* Astronaut.swift */,
				AF0FCFBB2653ADB000EAE10E /* Mission.swift */,
				AF87D15B265392AF00B3895F /* Bundle-Decodable.swift */,
				AFF56E98265117E00007282C /* Preview Content */,
			);
			path = "project 8";
			sourceTree = "<group>";
		};
		AFF56E98265117E00007282C /* Preview Content */ = {
			isa = PBXGroup;
			children = (
				AFF56E99265117E00007282C /* Preview Assets.xcassets */,
			);
			path = "Preview Content";
			sourceTree = "<group>";
		};
/* End PBXGroup section */

/* Begin PBXNativeTarget section */
		AFF56E8E265117DF0007282C /* project 8 */ = {
			isa = PBXNativeTarget;
			buildConfigurationList = AFF56E9E265117E00007282C /* Build configuration list for PBXNativeTarget "project 8" */;
			buildPhases = (
				AFF56E8B265117DF0007282C /* Sources */,
				AFF56E8C265117DF0007282C /* Frameworks */,
				AFF56E8D265117DF0007282C /* Resources */,
			);
			buildRules = (
			);
			dependencies = (
			);
			name = "project 8";
			productName = "project 8";
			productReference = AFF56E8F265117DF0007282C /* project 8.app */;
			productType = "com.apple.product-type.application";
		};
/* End PBXNativeTarget section */

/* Begin PBXProject section */
		AFF56E87265117DF0007282C /* Project object */ = {
			isa = PBXProject;
			attributes = {
				LastSwiftUpdateCheck = 1200;
				LastUpgradeCheck = 1200;
				TargetAttributes = {
					AFF56E8E265117DF0007282C = {
						CreatedOnToolsVersion = 12.0;
					};
				};
			};
			buildConfigurationList = AFF56E8A265117DF0007282C /* Build configuration list for PBXProject "project 8" */;
			compatibilityVersion = "Xcode 9.3";
			developmentRegion = en;
			hasScannedForEncodings = 0;
			knownRegions = (
				en,
				Base,
			);
			mainGroup = AFF56E86265117DF0007282C;
			productRefGroup = AFF56E90265117DF0007282C /* Products */;
			projectDirPath = "";
			projectRoot = "";
			targets = (
				AFF56E8E265117DF0007282C /* project 8 */,
			);
		};
/* End PBXProject section */

/* Begin PBXResourcesBuildPhase section */
		AFF56E8D265117DF0007282C /* Resources */ = {
			isa = PBXResourcesBuildPhase;
			buildActionMask = 2147483647;
			files = (
				AFF56E9A265117E00007282C /* Preview Assets.xcassets in Resources */,
				AFF56E97265117E00007282C /* Assets.xcassets in Resources */,
				AF0FCFBA2653AD5E00EAE10E /* missions.json in Resources */,
				AF0FCFB82653AD4900EAE10E /* astronauts.json in Resources */,
			);
			runOnlyForDeploymentPostprocessing = 0;
		};
/* End PBXResourcesBuildPhase section */

/* Begin PBXSourcesBuildPhase section */
		AFF56E8B265117DF0007282C /* Sources */ = {
			isa = PBXSourcesBuildPhase;
			buildActionMask = 2147483647;
			files = (
				AF87D15826538EE000B3895F /* Astronaut.swift in Sources */,
				AFF56E95265117DF0007282C /* ContentView.swift in Sources */,
				AFF56E93265117DF0007282C /* project_8App.swift in Sources */,
				AF0FCFBC2653ADB000EAE10E /* Mission.swift in Sources */,
				AF87D15C265392AF00B3895F /* Bundle-Decodable.swift in Sources */,
				AF0FCFBE2653EA1800EAE10E /* MissionView.swift in Sources */,
			);
			runOnlyForDeploymentPostprocessing = 0;
		};
/* End PBXSourcesBuildPhase section */

/* Begin XCBuildConfiguration section */
		AFF56E9C265117E00007282C /* Debug */ = {
			isa = XCBuildConfiguration;
			buildSettings = {
				ALWAYS_SEARCH_USER_PATHS = NO;
				CLANG_ANALYZER_NONNULL = YES;
				CLANG_ANALYZER_NUMBER_OBJECT_CONVERSION = YES_AGGRESSIVE;
				CLANG_CXX_LANGUAGE_STANDARD = "gnu++14";
				CLANG_CXX_LIBRARY = "libc++";
				CLANG_ENABLE_MODULES = YES;
				CLANG_ENABLE_OBJC_ARC = YES;
				CLANG_ENABLE_OBJC_WEAK = YES;
				CLANG_WARN_BLOCK_CAPTURE_AUTORELEASING = YES;
				CLANG_WARN_BOOL_CONVERSION = YES;
				CLANG_WARN_COMMA = YES;
				CLANG_WARN_CONSTANT_CONVERSION = YES;
				CLANG_WARN_DEPRECATED_OBJC_IMPLEMENTATIONS = YES;
				CLANG_WARN_DIRECT_OBJC_ISA_USAGE = YES_ERROR;
				CLANG_WARN_DOCUMENTATION_COMMENTS = YES;
				CLANG_WARN_EMPTY_BODY = YES;
				CLANG_WARN_ENUM_CONVERSION = YES;
				CLANG_WARN_INFINITE_RECURSION = YES;
				CLANG_WARN_INT_CONVERSION = YES;
				CLANG_WARN_NON_LITERAL_NULL_CONVERSION = YES;
				CLANG_WARN_OBJC_IMPLICIT_RETAIN_SELF = YES;
				CLANG_WARN_OBJC_LITERAL_CONVERSION = YES;
				CLANG_WARN_OBJC_ROOT_CLASS = YES_ERROR;
				CLANG_WARN_QUOTED_INCLUDE_IN_FRAMEWORK_HEADER = YES;
				CLANG_WARN_RANGE_LOOP_ANALYSIS = YES;
				CLANG_WARN_STRICT_PROTOTYPES = YES;
				CLANG_WARN_SUSPICIOUS_MOVE = YES;
				CLANG_WARN_UNGUARDED_AVAILABILITY = YES_AGGRESSIVE;
				CLANG_WARN_UNREACHABLE_CODE = YES;
				CLANG_WARN__DUPLICATE_METHOD_MATCH = YES;
				COPY_PHASE_STRIP = NO;
				DEBUG_INFORMATION_FORMAT = dwarf;
				ENABLE_STRICT_OBJC_MSGSEND = YES;
				ENABLE_TESTABILITY = YES;
				GCC_C_LANGUAGE_STANDARD = gnu11;
				GCC_DYNAMIC_NO_PIC = NO;
				GCC_NO_COMMON_BLOCKS = YES;
				GCC_OPTIMIZATION_LEVEL = 0;
				GCC_PREPROCESSOR_DEFINITIONS = (
					"DEBUG=1",
					"$(inherited)",
				);
				GCC_WARN_64_TO_32_BIT_CONVERSION = YES;
				GCC_WARN_ABOUT_RETURN_TYPE = YES_ERROR;
				GCC_WARN_UNDECLARED_SELECTOR = YES;
				GCC_WARN_UNINITIALIZED_AUTOS = YES_AGGRESSIVE;
				GCC_WARN_UNUSED_FUNCTION = YES;
				GCC_WARN_UNUSED_VARIABLE = YES;
				IPHONEOS_DEPLOYMENT_TARGET = 14.0;
				MTL_ENABLE_DEBUG_INFO = INCLUDE_SOURCE;
				MTL_FAST_MATH = YES;
				ONLY_ACTIVE_ARCH = YES;
				SDKROOT = iphoneos;
				SWIFT_ACTIVE_COMPILATION_CONDITIONS = DEBUG;
				SWIFT_OPTIMIZATION_LEVEL = "-Onone";
			};
			name = Debug;
		};
		AFF56E9D265117E00007282C /* Release */ = {
			isa = XCBuildConfiguration;
			buildSettings = {
				ALWAYS_SEARCH_USER_PATHS = NO;
				CLANG_ANALYZER_NONNULL = YES;
				CLANG_ANALYZER_NUMBER_OBJECT_CONVERSION = YES_AGGRESSIVE;
				CLANG_CXX_LANGUAGE_STANDARD = "gnu++14";
				CLANG_CXX_LIBRARY = "libc++";
				CLANG_ENABLE_MODULES = YES;
				CLANG_ENABLE_OBJC_ARC = YES;
				CLANG_ENABLE_OBJC_WEAK = YES;
				CLANG_WARN_BLOCK_CAPTURE_AUTORELEASING = YES;
				CLANG_WARN_BOOL_CONVERSION = YES;
				CLANG_WARN_COMMA = YES;
				CLANG_WARN_CONSTANT_CONVERSION = YES;
				CLANG_WARN_DEPRECATED_OBJC_IMPLEMENTATIONS = YES;
				CLANG_WARN_DIRECT_OBJC_ISA_USAGE = YES_ERROR;
				CLANG_WARN_DOCUMENTATION_COMMENTS = YES;
				CLANG_WARN_EMPTY_BODY = YES;
				CLANG_WARN_ENUM_CONVERSION = YES;
				CLANG_WARN_INFINITE_RECURSION = YES;
				CLANG_WARN_INT_CONVERSION = YES;
				CLANG_WARN_NON_LITERAL_NULL_CONVERSION = YES;
				CLANG_WARN_OBJC_IMPLICIT_RETAIN_SELF = YES;
				CLANG_WARN_OBJC_LITERAL_CONVERSION = YES;
				CLANG_WARN_OBJC_ROOT_CLASS = YES_ERROR;
				CLANG_WARN_QUOTED_INCLUDE_IN_FRAMEWORK_HEADER = YES;
				CLANG_WARN_RANGE_LOOP_ANALYSIS = YES;
				CLANG_WARN_STRICT_PROTOTYPES = YES;
				CLANG_WARN_SUSPICIOUS_MOVE = YES;
				CLANG_WARN_UNGUARDED_AVAILABILITY = YES_AGGRESSIVE;
				CLANG_WARN_UNREACHABLE_CODE = YES;
				CLANG_WARN__DUPLICATE_METHOD_MATCH = YES;
				COPY_PHASE_STRIP = NO;
				DEBUG_INFORMATION_FORMAT = "dwarf-with-dsym";
				ENABLE_NS_ASSERTIONS = NO;
				ENABLE_STRICT_OBJC_MSGSEND = YES;
				GCC_C_LANGUAGE_STANDARD = gnu11;
				GCC_NO_COMMON_BLOCKS = YES;
				GCC_WARN_64_TO_32_BIT_CONVERSION = YES;
				GCC_WARN_ABOUT_RETURN_TYPE = YES_ERROR;
				GCC_WARN_UNDECLARED_SELECTOR = YES;
				GCC_WARN_UNINITIALIZED_AUTOS = YES_AGGRESSIVE;
				GCC_WARN_UNUSED_FUNCTION = YES;
				GCC_WARN_UNUSED_VARIABLE = YES;
				IPHONEOS_DEPLOYMENT_TARGET = 14.0;
				MTL_ENABLE_DEBUG_INFO = NO;
				MTL_FAST_MATH = YES;
				SDKROOT = iphoneos;
				SWIFT_COMPILATION_MODE = wholemodule;
				SWIFT_OPTIMIZATION_LEVEL = "-O";
				VALIDATE_PRODUCT = YES;
			};
			name = Release;
		};
		AFF56E9F265117E00007282C /* Debug */ = {
			isa = XCBuildConfiguration;
			buildSettings = {
				ASSETCATALOG_COMPILER_APPICON_NAME = AppIcon;
				ASSETCATALOG_COMPILER_GLOBAL_ACCENT_COLOR_NAME = AccentColor;
				CODE_SIGN_STYLE = Automatic;
				DEVELOPMENT_ASSET_PATHS = "\"project 8/Preview Content\"";
				DEVELOPMENT_TEAM = WBND8H9MX8;
				ENABLE_PREVIEWS = YES;
				INFOPLIST_FILE = "project 8/Info.plist";
				IPHONEOS_DEPLOYMENT_TARGET = 14.0;
				LD_RUNPATH_SEARCH_PATHS = (
					"$(inherited)",
					"@executable_path/Frameworks",
				);
				PRODUCT_BUNDLE_IDENTIFIER = "com.ansa.project-8";
				PRODUCT_NAME = "$(TARGET_NAME)";
				SWIFT_VERSION = 5.0;
				TARGETED_DEVICE_FAMILY = "1,2";
			};
			name = Debug;
		};
		AFF56EA0265117E00007282C /* Release */ = {
			isa = XCBuildConfiguration;
			buildSettings = {
				ASSETCATALOG_COMPILER_APPICON_NAME = AppIcon;
				ASSETCATALOG_COMPILER_GLOBAL_ACCENT_COLOR_NAME = AccentColor;
				CODE_SIGN_STYLE = Automatic;
				DEVELOPMENT_ASSET_PATHS = "\"project 8/Preview Content\"";
				DEVELOPMENT_TEAM = WBND8H9MX8;
				ENABLE_PREVIEWS = YES;
				INFOPLIST_FILE = "project 8/Info.plist";
				IPHONEOS_DEPLOYMENT_TARGET = 14.0;
				LD_RUNPATH_SEARCH_PATHS = (
					"$(inherited)",
					"@executable_path/Frameworks",
				);
				PRODUCT_BUNDLE_IDENTIFIER = "com.ansa.project-8";
				PRODUCT_NAME = "$(TARGET_NAME)";
				SWIFT_VERSION = 5.0;
				TARGETED_DEVICE_FAMILY = "1,2";
			};
			name = Release;
		};
/* End XCBuildConfiguration section */

/* Begin XCConfigurationList section */
		AFF56E8A265117DF0007282C /* Build configuration list for PBXProject "project 8" */ = {
			isa = XCConfigurationList;
			buildConfigurations = (
				AFF56E9C265117E00007282C /* Debug */,
				AFF56E9D265117E00007282C /* Release */,
			);
			defaultConfigurationIsVisible = 0;
			defaultConfigurationName = Release;
		};
		AFF56E9E265117E00007282C /* Build configuration list for PBXNativeTarget "project 8" */ = {
			isa = XCConfigurationList;
			buildConfigurations = (
				AFF56E9F265117E00007282C /* Debug */,
				AFF56EA0265117E00007282C /* Release */,
			);
			defaultConfigurationIsVisible = 0;
			defaultConfigurationName = Release;
		};
/* End XCConfigurationList section */
	};
	rootObject = AFF56E87265117DF0007282C /* Project object */;
}
